// !$*UTF8*$!
{
	archiveVersion = 1;
	classes = {
	};
	objectVersion = 56;
	objects = {

/* Begin PBXBuildFile section */
		B4138FE62C2DA9B0000381FF /* AppDelegate.swift in Sources */ = {isa = PBXBuildFile; fileRef = B4138FE52C2DA9B0000381FF /* AppDelegate.swift */; };
		B4138FE82C2DA9B0000381FF /* SceneDelegate.swift in Sources */ = {isa = PBXBuildFile; fileRef = B4138FE72C2DA9B0000381FF /* SceneDelegate.swift */; };
		B4138FEA2C2DA9B0000381FF /* ViewController.swift in Sources */ = {isa = PBXBuildFile; fileRef = B4138FE92C2DA9B0000381FF /* ViewController.swift */; };
		B4138FED2C2DA9B0000381FF /* Main.storyboard in Resources */ = {isa = PBXBuildFile; fileRef = B4138FEB2C2DA9B0000381FF /* Main.storyboard */; };
		B4138FEF2C2DA9B2000381FF /* Assets.xcassets in Resources */ = {isa = PBXBuildFile; fileRef = B4138FEE2C2DA9B2000381FF /* Assets.xcassets */; };
		B4138FF22C2DA9B2000381FF /* LaunchScreen.storyboard in Resources */ = {isa = PBXBuildFile; fileRef = B4138FF02C2DA9B2000381FF /* LaunchScreen.storyboard */; };
		B4138FFD2C2DA9B2000381FF /* APICallWithDispatchGroupDemoTests.swift in Sources */ = {isa = PBXBuildFile; fileRef = B4138FFC2C2DA9B2000381FF /* APICallWithDispatchGroupDemoTests.swift */; };
		B41390072C2DA9B2000381FF /* APICallWithDispatchGroupDemoUITests.swift in Sources */ = {isa = PBXBuildFile; fileRef = B41390062C2DA9B2000381FF /* APICallWithDispatchGroupDemoUITests.swift */; };
		B41390092C2DA9B2000381FF /* APICallWithDispatchGroupDemoUITestsLaunchTests.swift in Sources */ = {isa = PBXBuildFile; fileRef = B41390082C2DA9B2000381FF /* APICallWithDispatchGroupDemoUITestsLaunchTests.swift */; };
		B41390172C2DABFA000381FF /* NetworkCallModel.swift in Sources */ = {isa = PBXBuildFile; fileRef = B41390162C2DABFA000381FF /* NetworkCallModel.swift */; };
/* End PBXBuildFile section */

/* Begin PBXContainerItemProxy section */
		B4138FF92C2DA9B2000381FF /* PBXContainerItemProxy */ = {
			isa = PBXContainerItemProxy;
			containerPortal = B4138FDA2C2DA9B0000381FF /* Project object */;
			proxyType = 1;
			remoteGlobalIDString = B4138FE12C2DA9B0000381FF;
			remoteInfo = APICallWithDispatchGroupDemo;
		};
		B41390032C2DA9B2000381FF /* PBXContainerItemProxy */ = {
			isa = PBXContainerItemProxy;
			containerPortal = B4138FDA2C2DA9B0000381FF /* Project object */;
			proxyType = 1;
			remoteGlobalIDString = B4138FE12C2DA9B0000381FF;
			remoteInfo = APICallWithDispatchGroupDemo;
		};
/* End PBXContainerItemProxy section */

/* Begin PBXFileReference section */
		B4138FE22C2DA9B0000381FF /* APICallWithDispatchGroupDemo.app */ = {isa = PBXFileReference; explicitFileType = wrapper.application; includeInIndex = 0; path = APICallWithDispatchGroupDemo.app; sourceTree = BUILT_PRODUCTS_DIR; };
		B4138FE52C2DA9B0000381FF /* AppDelegate.swift */ = {isa = PBXFileReference; lastKnownFileType = sourcecode.swift; path = AppDelegate.swift; sourceTree = "<group>"; };
		B4138FE72C2DA9B0000381FF /* SceneDelegate.swift */ = {isa = PBXFileReference; lastKnownFileType = sourcecode.swift; path = SceneDelegate.swift; sourceTree = "<group>"; };
		B4138FE92C2DA9B0000381FF /* ViewController.swift */ = {isa = PBXFileReference; lastKnownFileType = sourcecode.swift; path = ViewController.swift; sourceTree = "<group>"; };
		B4138FEC2C2DA9B0000381FF /* Base */ = {isa = PBXFileReference; lastKnownFileType = file.storyboard; name = Base; path = Base.lproj/Main.storyboard; sourceTree = "<group>"; };
		B4138FEE2C2DA9B2000381FF /* Assets.xcassets */ = {isa = PBXFileReference; lastKnownFileType = folder.assetcatalog; path = Assets.xcassets; sourceTree = "<group>"; };
		B4138FF12C2DA9B2000381FF /* Base */ = {isa = PBXFileReference; lastKnownFileType = file.storyboard; name = Base; path = Base.lproj/LaunchScreen.storyboard; sourceTree = "<group>"; };
		B4138FF32C2DA9B2000381FF /* Info.plist */ = {isa = PBXFileReference; lastKnownFileType = text.plist.xml; path = Info.plist; sourceTree = "<group>"; };
		B4138FF82C2DA9B2000381FF /* APICallWithDispatchGroupDemoTests.xctest */ = {isa = PBXFileReference; explicitFileType = wrapper.cfbundle; includeInIndex = 0; path = APICallWithDispatchGroupDemoTests.xctest; sourceTree = BUILT_PRODUCTS_DIR; };
		B4138FFC2C2DA9B2000381FF /* APICallWithDispatchGroupDemoTests.swift */ = {isa = PBXFileReference; lastKnownFileType = sourcecode.swift; path = APICallWithDispatchGroupDemoTests.swift; sourceTree = "<group>"; };
		B41390022C2DA9B2000381FF /* APICallWithDispatchGroupDemoUITests.xctest */ = {isa = PBXFileReference; explicitFileType = wrapper.cfbundle; includeInIndex = 0; path = APICallWithDispatchGroupDemoUITests.xctest; sourceTree = BUILT_PRODUCTS_DIR; };
		B41390062C2DA9B2000381FF /* APICallWithDispatchGroupDemoUITests.swift */ = {isa = PBXFileReference; lastKnownFileType = sourcecode.swift; path = APICallWithDispatchGroupDemoUITests.swift; sourceTree = "<group>"; };
		B41390082C2DA9B2000381FF /* APICallWithDispatchGroupDemoUITestsLaunchTests.swift */ = {isa = PBXFileReference; lastKnownFileType = sourcecode.swift; path = APICallWithDispatchGroupDemoUITestsLaunchTests.swift; sourceTree = "<group>"; };
		B41390162C2DABFA000381FF /* NetworkCallModel.swift */ = {isa = PBXFileReference; lastKnownFileType = sourcecode.swift; path = NetworkCallModel.swift; sourceTree = "<group>"; };
/* End PBXFileReference section */

/* Begin PBXFrameworksBuildPhase section */
		B4138FDF2C2DA9B0000381FF /* Frameworks */ = {
			isa = PBXFrameworksBuildPhase;
			buildActionMask = 2147483647;
			files = (
			);
			runOnlyForDeploymentPostprocessing = 0;
		};
		B4138FF52C2DA9B2000381FF /* Frameworks */ = {
			isa = PBXFrameworksBuildPhase;
			buildActionMask = 2147483647;
			files = (
			);
			runOnlyForDeploymentPostprocessing = 0;
		};
		B4138FFF2C2DA9B2000381FF /* Frameworks */ = {
			isa = PBXFrameworksBuildPhase;
			buildActionMask = 2147483647;
			files = (
			);
			runOnlyForDeploymentPostprocessing = 0;
		};
/* End PBXFrameworksBuildPhase section */

/* Begin PBXGroup section */
		B4138FD92C2DA9B0000381FF = {
			isa = PBXGroup;
			children = (
				B4138FE42C2DA9B0000381FF /* APICallWithDispatchGroupDemo */,
				B4138FFB2C2DA9B2000381FF /* APICallWithDispatchGroupDemoTests */,
				B41390052C2DA9B2000381FF /* APICallWithDispatchGroupDemoUITests */,
				B4138FE32C2DA9B0000381FF /* Products */,
			);
			sourceTree = "<group>";
		};
		B4138FE32C2DA9B0000381FF /* Products */ = {
			isa = PBXGroup;
			children = (
				B4138FE22C2DA9B0000381FF /* APICallWithDispatchGroupDemo.app */,
				B4138FF82C2DA9B2000381FF /* APICallWithDispatchGroupDemoTests.xctest */,
				B41390022C2DA9B2000381FF /* APICallWithDispatchGroupDemoUITests.xctest */,
			);
			name = Products;
			sourceTree = "<group>";
		};
		B4138FE42C2DA9B0000381FF /* APICallWithDispatchGroupDemo */ = {
			isa = PBXGroup;
			children = (
				B41390152C2DAA46000381FF /* Model */,
				B4138FE52C2DA9B0000381FF /* AppDelegate.swift */,
				B4138FE72C2DA9B0000381FF /* SceneDelegate.swift */,
				B4138FE92C2DA9B0000381FF /* ViewController.swift */,
				B4138FEB2C2DA9B0000381FF /* Main.storyboard */,
				B4138FEE2C2DA9B2000381FF /* Assets.xcassets */,
				B4138FF02C2DA9B2000381FF /* LaunchScreen.storyboard */,
				B4138FF32C2DA9B2000381FF /* Info.plist */,
			);
			path = APICallWithDispatchGroupDemo;
			sourceTree = "<group>";
		};
		B4138FFB2C2DA9B2000381FF /* APICallWithDispatchGroupDemoTests */ = {
			isa = PBXGroup;
			children = (
				B4138FFC2C2DA9B2000381FF /* APICallWithDispatchGroupDemoTests.swift */,
			);
			path = APICallWithDispatchGroupDemoTests;
			sourceTree = "<group>";
		};
		B41390052C2DA9B2000381FF /* APICallWithDispatchGroupDemoUITests */ = {
			isa = PBXGroup;
			children = (
				B41390062C2DA9B2000381FF /* APICallWithDispatchGroupDemoUITests.swift */,
				B41390082C2DA9B2000381FF /* APICallWithDispatchGroupDemoUITestsLaunchTests.swift */,
			);
			path = APICallWithDispatchGroupDemoUITests;
			sourceTree = "<group>";
		};
		B41390152C2DAA46000381FF /* Model */ = {
			isa = PBXGroup;
			children = (
				B41390162C2DABFA000381FF /* NetworkCallModel.swift */,
			);
			path = Model;
			sourceTree = "<group>";
		};
/* End PBXGroup section */

/* Begin PBXNativeTarget section */
		B4138FE12C2DA9B0000381FF /* APICallWithDispatchGroupDemo */ = {
			isa = PBXNativeTarget;
			buildConfigurationList = B413900C2C2DA9B2000381FF /* Build configuration list for PBXNativeTarget "APICallWithDispatchGroupDemo" */;
			buildPhases = (
				B4138FDE2C2DA9B0000381FF /* Sources */,
				B4138FDF2C2DA9B0000381FF /* Frameworks */,
				B4138FE02C2DA9B0000381FF /* Resources */,
			);
			buildRules = (
			);
			dependencies = (
			);
			name = APICallWithDispatchGroupDemo;
			productName = APICallWithDispatchGroupDemo;
			productReference = B4138FE22C2DA9B0000381FF /* APICallWithDispatchGroupDemo.app */;
			productType = "com.apple.product-type.application";
		};
		B4138FF72C2DA9B2000381FF /* APICallWithDispatchGroupDemoTests */ = {
			isa = PBXNativeTarget;
			buildConfigurationList = B413900F2C2DA9B2000381FF /* Build configuration list for PBXNativeTarget "APICallWithDispatchGroupDemoTests" */;
			buildPhases = (
				B4138FF42C2DA9B2000381FF /* Sources */,
				B4138FF52C2DA9B2000381FF /* Frameworks */,
				B4138FF62C2DA9B2000381FF /* Resources */,
			);
			buildRules = (
			);
			dependencies = (
				B4138FFA2C2DA9B2000381FF /* PBXTargetDependency */,
			);
			name = APICallWithDispatchGroupDemoTests;
			productName = APICallWithDispatchGroupDemoTests;
			productReference = B4138FF82C2DA9B2000381FF /* APICallWithDispatchGroupDemoTests.xctest */;
			productType = "com.apple.product-type.bundle.unit-test";
		};
		B41390012C2DA9B2000381FF /* APICallWithDispatchGroupDemoUITests */ = {
			isa = PBXNativeTarget;
			buildConfigurationList = B41390122C2DA9B2000381FF /* Build configuration list for PBXNativeTarget "APICallWithDispatchGroupDemoUITests" */;
			buildPhases = (
				B4138FFE2C2DA9B2000381FF /* Sources */,
				B4138FFF2C2DA9B2000381FF /* Frameworks */,
				B41390002C2DA9B2000381FF /* Resources */,
			);
			buildRules = (
			);
			dependencies = (
				B41390042C2DA9B2000381FF /* PBXTargetDependency */,
			);
			name = APICallWithDispatchGroupDemoUITests;
			productName = APICallWithDispatchGroupDemoUITests;
			productReference = B41390022C2DA9B2000381FF /* APICallWithDispatchGroupDemoUITests.xctest */;
			productType = "com.apple.product-type.bundle.ui-testing";
		};
/* End PBXNativeTarget section */

/* Begin PBXProject section */
		B4138FDA2C2DA9B0000381FF /* Project object */ = {
			isa = PBXProject;
			attributes = {
				BuildIndependentTargetsInParallel = 1;
				LastSwiftUpdateCheck = 1500;
				LastUpgradeCheck = 1500;
				TargetAttributes = {
					B4138FE12C2DA9B0000381FF = {
						CreatedOnToolsVersion = 15.0.1;
					};
					B4138FF72C2DA9B2000381FF = {
						CreatedOnToolsVersion = 15.0.1;
						TestTargetID = B4138FE12C2DA9B0000381FF;
					};
					B41390012C2DA9B2000381FF = {
						CreatedOnToolsVersion = 15.0.1;
						TestTargetID = B4138FE12C2DA9B0000381FF;
					};
				};
			};
			buildConfigurationList = B4138FDD2C2DA9B0000381FF /* Build configuration list for PBXProject "APICallWithDispatchGroupDemo" */;
			compatibilityVersion = "Xcode 14.0";
			developmentRegion = en;
			hasScannedForEncodings = 0;
			knownRegions = (
				en,
				Base,
			);
			mainGroup = B4138FD92C2DA9B0000381FF;
			productRefGroup = B4138FE32C2DA9B0000381FF /* Products */;
			projectDirPath = "";
			projectRoot = "";
			targets = (
				B4138FE12C2DA9B0000381FF /* APICallWithDispatchGroupDemo */,
				B4138FF72C2DA9B2000381FF /* APICallWithDispatchGroupDemoTests */,
				B41390012C2DA9B2000381FF /* APICallWithDispatchGroupDemoUITests */,
			);
		};
/* End PBXProject section */

/* Begin PBXResourcesBuildPhase section */
		B4138FE02C2DA9B0000381FF /* Resources */ = {
			isa = PBXResourcesBuildPhase;
			buildActionMask = 2147483647;
			files = (
				B4138FF22C2DA9B2000381FF /* LaunchScreen.storyboard in Resources */,
				B4138FEF2C2DA9B2000381FF /* Assets.xcassets in Resources */,
				B4138FED2C2DA9B0000381FF /* Main.storyboard in Resources */,
			);
			runOnlyForDeploymentPostprocessing = 0;
		};
		B4138FF62C2DA9B2000381FF /* Resources */ = {
			isa = PBXResourcesBuildPhase;
			buildActionMask = 2147483647;
			files = (
			);
			runOnlyForDeploymentPostprocessing = 0;
		};
		B41390002C2DA9B2000381FF /* Resources */ = {
			isa = PBXResourcesBuildPhase;
			buildActionMask = 2147483647;
			files = (
			);
			runOnlyForDeploymentPostprocessing = 0;
		};
/* End PBXResourcesBuildPhase section */

/* Begin PBXSourcesBuildPhase section */
		B4138FDE2C2DA9B0000381FF /* Sources */ = {
			isa = PBXSourcesBuildPhase;
			buildActionMask = 2147483647;
			files = (
				B41390172C2DABFA000381FF /* NetworkCallModel.swift in Sources */,
				B4138FEA2C2DA9B0000381FF /* ViewController.swift in Sources */,
				B4138FE62C2DA9B0000381FF /* AppDelegate.swift in Sources */,
				B4138FE82C2DA9B0000381FF /* SceneDelegate.swift in Sources */,
			);
			runOnlyForDeploymentPostprocessing = 0;
		};
		B4138FF42C2DA9B2000381FF /* Sources */ = {
			isa = PBXSourcesBuildPhase;
			buildActionMask = 2147483647;
			files = (
				B4138FFD2C2DA9B2000381FF /* APICallWithDispatchGroupDemoTests.swift in Sources */,
			);
			runOnlyForDeploymentPostprocessing = 0;
		};
		B4138FFE2C2DA9B2000381FF /* Sources */ = {
			isa = PBXSourcesBuildPhase;
			buildActionMask = 2147483647;
			files = (
				B41390092C2DA9B2000381FF /* APICallWithDispatchGroupDemoUITestsLaunchTests.swift in Sources */,
				B41390072C2DA9B2000381FF /* APICallWithDispatchGroupDemoUITests.swift in Sources */,
			);
			runOnlyForDeploymentPostprocessing = 0;
		};
/* End PBXSourcesBuildPhase section */

/* Begin PBXTargetDependency section */
		B4138FFA2C2DA9B2000381FF /* PBXTargetDependency */ = {
			isa = PBXTargetDependency;
			target = B4138FE12C2DA9B0000381FF /* APICallWithDispatchGroupDemo */;
			targetProxy = B4138FF92C2DA9B2000381FF /* PBXContainerItemProxy */;
		};
		B41390042C2DA9B2000381FF /* PBXTargetDependency */ = {
			isa = PBXTargetDependency;
			target = B4138FE12C2DA9B0000381FF /* APICallWithDispatchGroupDemo */;
			targetProxy = B41390032C2DA9B2000381FF /* PBXContainerItemProxy */;
		};
/* End PBXTargetDependency section */

/* Begin PBXVariantGroup section */
		B4138FEB2C2DA9B0000381FF /* Main.storyboard */ = {
			isa = PBXVariantGroup;
			children = (
				B4138FEC2C2DA9B0000381FF /* Base */,
			);
			name = Main.storyboard;
			sourceTree = "<group>";
		};
		B4138FF02C2DA9B2000381FF /* LaunchScreen.storyboard */ = {
			isa = PBXVariantGroup;
			children = (
				B4138FF12C2DA9B2000381FF /* Base */,
			);
			name = LaunchScreen.storyboard;
			sourceTree = "<group>";
		};
/* End PBXVariantGroup section */

/* Begin XCBuildConfiguration section */
		B413900A2C2DA9B2000381FF /* Debug */ = {
			isa = XCBuildConfiguration;
			buildSettings = {
				ALWAYS_SEARCH_USER_PATHS = NO;
				ASSETCATALOG_COMPILER_GENERATE_SWIFT_ASSET_SYMBOL_EXTENSIONS = YES;
				CLANG_ANALYZER_NONNULL = YES;
				CLANG_ANALYZER_NUMBER_OBJECT_CONVERSION = YES_AGGRESSIVE;
				CLANG_CXX_LANGUAGE_STANDARD = "gnu++20";
				CLANG_ENABLE_MODULES = YES;
				CLANG_ENABLE_OBJC_ARC = YES;
				CLANG_ENABLE_OBJC_WEAK = YES;
				CLANG_WARN_BLOCK_CAPTURE_AUTORELEASING = YES;
				CLANG_WARN_BOOL_CONVERSION = YES;
				CLANG_WARN_COMMA = YES;
				CLANG_WARN_CONSTANT_CONVERSION = YES;
				CLANG_WARN_DEPRECATED_OBJC_IMPLEMENTATIONS = YES;
				CLANG_WARN_DIRECT_OBJC_ISA_USAGE = YES_ERROR;
				CLANG_WARN_DOCUMENTATION_COMMENTS = YES;
				CLANG_WARN_EMPTY_BODY = YES;
				CLANG_WARN_ENUM_CONVERSION = YES;
				CLANG_WARN_INFINITE_RECURSION = YES;
				CLANG_WARN_INT_CONVERSION = YES;
				CLANG_WARN_NON_LITERAL_NULL_CONVERSION = YES;
				CLANG_WARN_OBJC_IMPLICIT_RETAIN_SELF = YES;
				CLANG_WARN_OBJC_LITERAL_CONVERSION = YES;
				CLANG_WARN_OBJC_ROOT_CLASS = YES_ERROR;
				CLANG_WARN_QUOTED_INCLUDE_IN_FRAMEWORK_HEADER = YES;
				CLANG_WARN_RANGE_LOOP_ANALYSIS = YES;
				CLANG_WARN_STRICT_PROTOTYPES = YES;
				CLANG_WARN_SUSPICIOUS_MOVE = YES;
				CLANG_WARN_UNGUARDED_AVAILABILITY = YES_AGGRESSIVE;
				CLANG_WARN_UNREACHABLE_CODE = YES;
				CLANG_WARN__DUPLICATE_METHOD_MATCH = YES;
				COPY_PHASE_STRIP = NO;
				DEBUG_INFORMATION_FORMAT = dwarf;
				ENABLE_STRICT_OBJC_MSGSEND = YES;
				ENABLE_TESTABILITY = YES;
				ENABLE_USER_SCRIPT_SANDBOXING = YES;
				GCC_C_LANGUAGE_STANDARD = gnu17;
				GCC_DYNAMIC_NO_PIC = NO;
				GCC_NO_COMMON_BLOCKS = YES;
				GCC_OPTIMIZATION_LEVEL = 0;
				GCC_PREPROCESSOR_DEFINITIONS = (
					"DEBUG=1",
					"$(inherited)",
				);
				GCC_WARN_64_TO_32_BIT_CONVERSION = YES;
				GCC_WARN_ABOUT_RETURN_TYPE = YES_ERROR;
				GCC_WARN_UNDECLARED_SELECTOR = YES;
				GCC_WARN_UNINITIALIZED_AUTOS = YES_AGGRESSIVE;
				GCC_WARN_UNUSED_FUNCTION = YES;
				GCC_WARN_UNUSED_VARIABLE = YES;
				IPHONEOS_DEPLOYMENT_TARGET = 17.0;
				LOCALIZATION_PREFERS_STRING_CATALOGS = YES;
				MTL_ENABLE_DEBUG_INFO = INCLUDE_SOURCE;
				MTL_FAST_MATH = YES;
				ONLY_ACTIVE_ARCH = YES;
				SDKROOT = iphoneos;
				SWIFT_ACTIVE_COMPILATION_CONDITIONS = "DEBUG $(inherited)";
				SWIFT_OPTIMIZATION_LEVEL = "-Onone";
			};
			name = Debug;
		};
		B413900B2C2DA9B2000381FF /* Release */ = {
			isa = XCBuildConfiguration;
			buildSettings = {
				ALWAYS_SEARCH_USER_PATHS = NO;
				ASSETCATALOG_COMPILER_GENERATE_SWIFT_ASSET_SYMBOL_EXTENSIONS = YES;
				CLANG_ANALYZER_NONNULL = YES;
				CLANG_ANALYZER_NUMBER_OBJECT_CONVERSION = YES_AGGRESSIVE;
				CLANG_CXX_LANGUAGE_STANDARD = "gnu++20";
				CLANG_ENABLE_MODULES = YES;
				CLANG_ENABLE_OBJC_ARC = YES;
				CLANG_ENABLE_OBJC_WEAK = YES;
				CLANG_WARN_BLOCK_CAPTURE_AUTORELEASING = YES;
				CLANG_WARN_BOOL_CONVERSION = YES;
				CLANG_WARN_COMMA = YES;
				CLANG_WARN_CONSTANT_CONVERSION = YES;
				CLANG_WARN_DEPRECATED_OBJC_IMPLEMENTATIONS = YES;
				CLANG_WARN_DIRECT_OBJC_ISA_USAGE = YES_ERROR;
				CLANG_WARN_DOCUMENTATION_COMMENTS = YES;
				CLANG_WARN_EMPTY_BODY = YES;
				CLANG_WARN_ENUM_CONVERSION = YES;
				CLANG_WARN_INFINITE_RECURSION = YES;
				CLANG_WARN_INT_CONVERSION = YES;
				CLANG_WARN_NON_LITERAL_NULL_CONVERSION = YES;
				CLANG_WARN_OBJC_IMPLICIT_RETAIN_SELF = YES;
				CLANG_WARN_OBJC_LITERAL_CONVERSION = YES;
				CLANG_WARN_OBJC_ROOT_CLASS = YES_ERROR;
				CLANG_WARN_QUOTED_INCLUDE_IN_FRAMEWORK_HEADER = YES;
				CLANG_WARN_RANGE_LOOP_ANALYSIS = YES;
				CLANG_WARN_STRICT_PROTOTYPES = YES;
				CLANG_WARN_SUSPICIOUS_MOVE = YES;
				CLANG_WARN_UNGUARDED_AVAILABILITY = YES_AGGRESSIVE;
				CLANG_WARN_UNREACHABLE_CODE = YES;
				CLANG_WARN__DUPLICATE_METHOD_MATCH = YES;
				COPY_PHASE_STRIP = NO;
				DEBUG_INFORMATION_FORMAT = "dwarf-with-dsym";
				ENABLE_NS_ASSERTIONS = NO;
				ENABLE_STRICT_OBJC_MSGSEND = YES;
				ENABLE_USER_SCRIPT_SANDBOXING = YES;
				GCC_C_LANGUAGE_STANDARD = gnu17;
				GCC_NO_COMMON_BLOCKS = YES;
				GCC_WARN_64_TO_32_BIT_CONVERSION = YES;
				GCC_WARN_ABOUT_RETURN_TYPE = YES_ERROR;
				GCC_WARN_UNDECLARED_SELECTOR = YES;
				GCC_WARN_UNINITIALIZED_AUTOS = YES_AGGRESSIVE;
				GCC_WARN_UNUSED_FUNCTION = YES;
				GCC_WARN_UNUSED_VARIABLE = YES;
				IPHONEOS_DEPLOYMENT_TARGET = 17.0;
				LOCALIZATION_PREFERS_STRING_CATALOGS = YES;
				MTL_ENABLE_DEBUG_INFO = NO;
				MTL_FAST_MATH = YES;
				SDKROOT = iphoneos;
				SWIFT_COMPILATION_MODE = wholemodule;
				VALIDATE_PRODUCT = YES;
			};
			name = Release;
		};
		B413900D2C2DA9B2000381FF /* Debug */ = {
			isa = XCBuildConfiguration;
			buildSettings = {
				ASSETCATALOG_COMPILER_APPICON_NAME = AppIcon;
				ASSETCATALOG_COMPILER_GLOBAL_ACCENT_COLOR_NAME = AccentColor;
				CODE_SIGN_STYLE = Automatic;
				CURRENT_PROJECT_VERSION = 1;
				GENERATE_INFOPLIST_FILE = YES;
				INFOPLIST_FILE = APICallWithDispatchGroupDemo/Info.plist;
				INFOPLIST_KEY_UIApplicationSupportsIndirectInputEvents = YES;
				INFOPLIST_KEY_UILaunchStoryboardName = LaunchScreen;
				INFOPLIST_KEY_UIMainStoryboardFile = Main;
				INFOPLIST_KEY_UISupportedInterfaceOrientations_iPad = "UIInterfaceOrientationPortrait UIInterfaceOrientationPortraitUpsideDown UIInterfaceOrientationLandscapeLeft UIInterfaceOrientationLandscapeRight";
				INFOPLIST_KEY_UISupportedInterfaceOrientations_iPhone = "UIInterfaceOrientationPortrait UIInterfaceOrientationLandscapeLeft UIInterfaceOrientationLandscapeRight";
				LD_RUNPATH_SEARCH_PATHS = (
					"$(inherited)",
					"@executable_path/Frameworks",
				);
				MARKETING_VERSION = 1.0;
				PRODUCT_BUNDLE_IDENTIFIER = abc.APICallWithDispatchGroupDemo;
				PRODUCT_NAME = "$(TARGET_NAME)";
				SWIFT_EMIT_LOC_STRINGS = YES;
				SWIFT_VERSION = 5.0;
				TARGETED_DEVICE_FAMILY = "1,2";
			};
			name = Debug;
		};
		B413900E2C2DA9B2000381FF /* Release */ = {
			isa = XCBuildConfiguration;
			buildSettings = {
				ASSETCATALOG_COMPILER_APPICON_NAME = AppIcon;
				ASSETCATALOG_COMPILER_GLOBAL_ACCENT_COLOR_NAME = AccentColor;
				CODE_SIGN_STYLE = Automatic;
				CURRENT_PROJECT_VERSION = 1;
				GENERATE_INFOPLIST_FILE = YES;
				INFOPLIST_FILE = APICallWithDispatchGroupDemo/Info.plist;
				INFOPLIST_KEY_UIApplicationSupportsIndirectInputEvents = YES;
				INFOPLIST_KEY_UILaunchStoryboardName = LaunchScreen;
				INFOPLIST_KEY_UIMainStoryboardFile = Main;
				INFOPLIST_KEY_UISupportedInterfaceOrientations_iPad = "UIInterfaceOrientationPortrait UIInterfaceOrientationPortraitUpsideDown UIInterfaceOrientationLandscapeLeft UIInterfaceOrientationLandscapeRight";
				INFOPLIST_KEY_UISupportedInterfaceOrientations_iPhone = "UIInterfaceOrientationPortrait UIInterfaceOrientationLandscapeLeft UIInterfaceOrientationLandscapeRight";
				LD_RUNPATH_SEARCH_PATHS = (
					"$(inherited)",
					"@executable_path/Frameworks",
				);
				MARKETING_VERSION = 1.0;
				PRODUCT_BUNDLE_IDENTIFIER = abc.APICallWithDispatchGroupDemo;
				PRODUCT_NAME = "$(TARGET_NAME)";
				SWIFT_EMIT_LOC_STRINGS = YES;
				SWIFT_VERSION = 5.0;
				TARGETED_DEVICE_FAMILY = "1,2";
			};
			name = Release;
		};
		B41390102C2DA9B2000381FF /* Debug */ = {
			isa = XCBuildConfiguration;
			buildSettings = {
				ALWAYS_EMBED_SWIFT_STANDARD_LIBRARIES = YES;
				BUNDLE_LOADER = "$(TEST_HOST)";
				CODE_SIGN_STYLE = Automatic;
				CURRENT_PROJECT_VERSION = 1;
				GENERATE_INFOPLIST_FILE = YES;
				IPHONEOS_DEPLOYMENT_TARGET = 17.0;
				MARKETING_VERSION = 1.0;
				PRODUCT_BUNDLE_IDENTIFIER = abc.APICallWithDispatchGroupDemoTests;
				PRODUCT_NAME = "$(TARGET_NAME)";
				SWIFT_EMIT_LOC_STRINGS = NO;
				SWIFT_VERSION = 5.0;
				TARGETED_DEVICE_FAMILY = "1,2";
				TEST_HOST = "$(BUILT_PRODUCTS_DIR)/APICallWithDispatchGroupDemo.app/$(BUNDLE_EXECUTABLE_FOLDER_PATH)/APICallWithDispatchGroupDemo";
			};
			name = Debug;
		};
		B41390112C2DA9B2000381FF /* Release */ = {
			isa = XCBuildConfiguration;
			buildSettings = {
				ALWAYS_EMBED_SWIFT_STANDARD_LIBRARIES = YES;
				BUNDLE_LOADER = "$(TEST_HOST)";
				CODE_SIGN_STYLE = Automatic;
				CURRENT_PROJECT_VERSION = 1;
				GENERATE_INFOPLIST_FILE = YES;
				IPHONEOS_DEPLOYMENT_TARGET = 17.0;
				MARKETING_VERSION = 1.0;
				PRODUCT_BUNDLE_IDENTIFIER = abc.APICallWithDispatchGroupDemoTests;
				PRODUCT_NAME = "$(TARGET_NAME)";
				SWIFT_EMIT_LOC_STRINGS = NO;
				SWIFT_VERSION = 5.0;
				TARGETED_DEVICE_FAMILY = "1,2";
				TEST_HOST = "$(BUILT_PRODUCTS_DIR)/APICallWithDispatchGroupDemo.app/$(BUNDLE_EXECUTABLE_FOLDER_PATH)/APICallWithDispatchGroupDemo";
			};
			name = Release;
		};
		B41390132C2DA9B2000381FF /* Debug */ = {
			isa = XCBuildConfiguration;
			buildSettings = {
				ALWAYS_EMBED_SWIFT_STANDARD_LIBRARIES = YES;
				CODE_SIGN_STYLE = Automatic;
				CURRENT_PROJECT_VERSION = 1;
				GENERATE_INFOPLIST_FILE = YES;
				MARKETING_VERSION = 1.0;
				PRODUCT_BUNDLE_IDENTIFIER = abc.APICallWithDispatchGroupDemoUITests;
				PRODUCT_NAME = "$(TARGET_NAME)";
				SWIFT_EMIT_LOC_STRINGS = NO;
				SWIFT_VERSION = 5.0;
				TARGETED_DEVICE_FAMILY = "1,2";
				TEST_TARGET_NAME = APICallWithDispatchGroupDemo;
			};
			name = Debug;
		};
		B41390142C2DA9B2000381FF /* Release */ = {
			isa = XCBuildConfiguration;
			buildSettings = {
				ALWAYS_EMBED_SWIFT_STANDARD_LIBRARIES = YES;
				CODE_SIGN_STYLE = Automatic;
				CURRENT_PROJECT_VERSION = 1;
				GENERATE_INFOPLIST_FILE = YES;
				MARKETING_VERSION = 1.0;
				PRODUCT_BUNDLE_IDENTIFIER = abc.APICallWithDispatchGroupDemoUITests;
				PRODUCT_NAME = "$(TARGET_NAME)";
				SWIFT_EMIT_LOC_STRINGS = NO;
				SWIFT_VERSION = 5.0;
				TARGETED_DEVICE_FAMILY = "1,2";
				TEST_TARGET_NAME = APICallWithDispatchGroupDemo;
			};
			name = Release;
		};
/* End XCBuildConfiguration section */

/* Begin XCConfigurationList section */
		B4138FDD2C2DA9B0000381FF /* Build configuration list for PBXProject "APICallWithDispatchGroupDemo" */ = {
			isa = XCConfigurationList;
			buildConfigurations = (
				B413900A2C2DA9B2000381FF /* Debug */,
				B413900B2C2DA9B2000381FF /* Release */,
			);
			defaultConfigurationIsVisible = 0;
			defaultConfigurationName = Release;
		};
		B413900C2C2DA9B2000381FF /* Build configuration list for PBXNativeTarget "APICallWithDispatchGroupDemo" */ = {
			isa = XCConfigurationList;
			buildConfigurations = (
				B413900D2C2DA9B2000381FF /* Debug */,
				B413900E2C2DA9B2000381FF /* Release */,
			);
			defaultConfigurationIsVisible = 0;
			defaultConfigurationName = Release;
		};
		B413900F2C2DA9B2000381FF /* Build configuration list for PBXNativeTarget "APICallWithDispatchGroupDemoTests" */ = {
			isa = XCConfigurationList;
			buildConfigurations = (
				B41390102C2DA9B2000381FF /* Debug */,
				B41390112C2DA9B2000381FF /* Release */,
			);
			defaultConfigurationIsVisible = 0;
			defaultConfigurationName = Release;
		};
		B41390122C2DA9B2000381FF /* Build configuration list for PBXNativeTarget "APICallWithDispatchGroupDemoUITests" */ = {
			isa = XCConfigurationList;
			buildConfigurations = (
				B41390132C2DA9B2000381FF /* Debug */,
				B41390142C2DA9B2000381FF /* Release */,
			);
			defaultConfigurationIsVisible = 0;
			defaultConfigurationName = Release;
		};
/* End XCConfigurationList section */
	};
	rootObject = B4138FDA2C2DA9B0000381FF /* Project object */;
}
